// !$*UTF8*$!
{
	archiveVersion = 1;
	classes = {
	};
	objectVersion = 46;
	objects = {

/* Begin PBXBuildFile section */
		556B426D1E18353D0077D9C7 /* AppDelegate.swift in Sources */ = {isa = PBXBuildFile; fileRef = 556B426C1E18353D0077D9C7 /* AppDelegate.swift */; };
		556B426F1E18353D0077D9C7 /* ViewController.swift in Sources */ = {isa = PBXBuildFile; fileRef = 556B426E1E18353D0077D9C7 /* ViewController.swift */; };
		556B42721E18353D0077D9C7 /* Main.storyboard in Resources */ = {isa = PBXBuildFile; fileRef = 556B42701E18353D0077D9C7 /* Main.storyboard */; };
		556B42741E18353D0077D9C7 /* Assets.xcassets in Resources */ = {isa = PBXBuildFile; fileRef = 556B42731E18353D0077D9C7 /* Assets.xcassets */; };
		556B42771E18353D0077D9C7 /* LaunchScreen.storyboard in Resources */ = {isa = PBXBuildFile; fileRef = 556B42751E18353D0077D9C7 /* LaunchScreen.storyboard */; };
		556B42821E18353D0077D9C7 /* PokedexTests.swift in Sources */ = {isa = PBXBuildFile; fileRef = 556B42811E18353D0077D9C7 /* PokedexTests.swift */; };
		556B428D1E18353D0077D9C7 /* PokedexUITests.swift in Sources */ = {isa = PBXBuildFile; fileRef = 556B428C1E18353D0077D9C7 /* PokedexUITests.swift */; };
/* End PBXBuildFile section */

/* Begin PBXContainerItemProxy section */
		556B427E1E18353D0077D9C7 /* PBXContainerItemProxy */ = {
			isa = PBXContainerItemProxy;
			containerPortal = 556B42611E18353D0077D9C7 /* Project object */;
			proxyType = 1;
			remoteGlobalIDString = 556B42681E18353D0077D9C7;
			remoteInfo = Pokedex;
		};
		556B42891E18353D0077D9C7 /* PBXContainerItemProxy */ = {
			isa = PBXContainerItemProxy;
			containerPortal = 556B42611E18353D0077D9C7 /* Project object */;
			proxyType = 1;
			remoteGlobalIDString = 556B42681E18353D0077D9C7;
			remoteInfo = Pokedex;
		};
/* End PBXContainerItemProxy section */

/* Begin PBXFileReference section */
		556B42691E18353D0077D9C7 /* Pokedex.app */ = {isa = PBXFileReference; explicitFileType = wrapper.application; includeInIndex = 0; path = Pokedex.app; sourceTree = BUILT_PRODUCTS_DIR; };
		556B426C1E18353D0077D9C7 /* AppDelegate.swift */ = {isa = PBXFileReference; lastKnownFileType = sourcecode.swift; path = AppDelegate.swift; sourceTree = "<group>"; };
		556B426E1E18353D0077D9C7 /* ViewController.swift */ = {isa = PBXFileReference; lastKnownFileType = sourcecode.swift; path = ViewController.swift; sourceTree = "<group>"; };
		556B42711E18353D0077D9C7 /* Base */ = {isa = PBXFileReference; lastKnownFileType = file.storyboard; name = Base; path = Base.lproj/Main.storyboard; sourceTree = "<group>"; };
		556B42731E18353D0077D9C7 /* Assets.xcassets */ = {isa = PBXFileReference; lastKnownFileType = folder.assetcatalog; path = Assets.xcassets; sourceTree = "<group>"; };
		556B42761E18353D0077D9C7 /* Base */ = {isa = PBXFileReference; lastKnownFileType = file.storyboard; name = Base; path = Base.lproj/LaunchScreen.storyboard; sourceTree = "<group>"; };
		556B42781E18353D0077D9C7 /* Info.plist */ = {isa = PBXFileReference; lastKnownFileType = text.plist.xml; path = Info.plist; sourceTree = "<group>"; };
		556B427D1E18353D0077D9C7 /* PokedexTests.xctest */ = {isa = PBXFileReference; explicitFileType = wrapper.cfbundle; includeInIndex = 0; path = PokedexTests.xctest; sourceTree = BUILT_PRODUCTS_DIR; };
		556B42811E18353D0077D9C7 /* PokedexTests.swift */ = {isa = PBXFileReference; lastKnownFileType = sourcecode.swift; path = PokedexTests.swift; sourceTree = "<group>"; };
		556B42831E18353D0077D9C7 /* Info.plist */ = {isa = PBXFileReference; lastKnownFileType = text.plist.xml; path = Info.plist; sourceTree = "<group>"; };
		556B42881E18353D0077D9C7 /* PokedexUITests.xctest */ = {isa = PBXFileReference; explicitFileType = wrapper.cfbundle; includeInIndex = 0; path = PokedexUITests.xctest; sourceTree = BUILT_PRODUCTS_DIR; };
		556B428C1E18353D0077D9C7 /* PokedexUITests.swift */ = {isa = PBXFileReference; lastKnownFileType = sourcecode.swift; path = PokedexUITests.swift; sourceTree = "<group>"; };
		556B428E1E18353D0077D9C7 /* Info.plist */ = {isa = PBXFileReference; lastKnownFileType = text.plist.xml; path = Info.plist; sourceTree = "<group>"; };
/* End PBXFileReference section */

/* Begin PBXFrameworksBuildPhase section */
		556B42661E18353D0077D9C7 /* Frameworks */ = {
			isa = PBXFrameworksBuildPhase;
			buildActionMask = 2147483647;
			files = (
			);
			runOnlyForDeploymentPostprocessing = 0;
		};
		556B427A1E18353D0077D9C7 /* Frameworks */ = {
			isa = PBXFrameworksBuildPhase;
			buildActionMask = 2147483647;
			files = (
			);
			runOnlyForDeploymentPostprocessing = 0;
		};
		556B42851E18353D0077D9C7 /* Frameworks */ = {
			isa = PBXFrameworksBuildPhase;
			buildActionMask = 2147483647;
			files = (
			);
			runOnlyForDeploymentPostprocessing = 0;
		};
/* End PBXFrameworksBuildPhase section */

/* Begin PBXGroup section */
		556B42601E18353D0077D9C7 = {
			isa = PBXGroup;
			children = (
				556B426B1E18353D0077D9C7 /* Pokedex */,
				556B42801E18353D0077D9C7 /* PokedexTests */,
				556B428B1E18353D0077D9C7 /* PokedexUITests */,
				556B426A1E18353D0077D9C7 /* Products */,
			);
			sourceTree = "<group>";
		};
		556B426A1E18353D0077D9C7 /* Products */ = {
			isa = PBXGroup;
			children = (
				556B42691E18353D0077D9C7 /* Pokedex.app */,
				556B427D1E18353D0077D9C7 /* PokedexTests.xctest */,
				556B42881E18353D0077D9C7 /* PokedexUITests.xctest */,
			);
			name = Products;
			sourceTree = "<group>";
		};
		556B426B1E18353D0077D9C7 /* Pokedex */ = {
			isa = PBXGroup;
			children = (
				556B426C1E18353D0077D9C7 /* AppDelegate.swift */,
				556B426E1E18353D0077D9C7 /* ViewController.swift */,
				556B42701E18353D0077D9C7 /* Main.storyboard */,
				556B42731E18353D0077D9C7 /* Assets.xcassets */,
				556B42751E18353D0077D9C7 /* LaunchScreen.storyboard */,
				556B42781E18353D0077D9C7 /* Info.plist */,
			);
			path = Pokedex;
			sourceTree = "<group>";
		};
		556B42801E18353D0077D9C7 /* PokedexTests */ = {
			isa = PBXGroup;
			children = (
				556B42811E18353D0077D9C7 /* PokedexTests.swift */,
				556B42831E18353D0077D9C7 /* Info.plist */,
			);
			path = PokedexTests;
			sourceTree = "<group>";
		};
		556B428B1E18353D0077D9C7 /* PokedexUITests */ = {
			isa = PBXGroup;
			children = (
				556B428C1E18353D0077D9C7 /* PokedexUITests.swift */,
				556B428E1E18353D0077D9C7 /* Info.plist */,
			);
			path = PokedexUITests;
			sourceTree = "<group>";
		};
/* End PBXGroup section */

/* Begin PBXNativeTarget section */
		556B42681E18353D0077D9C7 /* Pokedex */ = {
			isa = PBXNativeTarget;
			buildConfigurationList = 556B42911E18353D0077D9C7 /* Build configuration list for PBXNativeTarget "Pokedex" */;
			buildPhases = (
				556B42651E18353D0077D9C7 /* Sources */,
				556B42661E18353D0077D9C7 /* Frameworks */,
				556B42671E18353D0077D9C7 /* Resources */,
			);
			buildRules = (
			);
			dependencies = (
			);
			name = Pokedex;
			productName = Pokedex;
			productReference = 556B42691E18353D0077D9C7 /* Pokedex.app */;
			productType = "com.apple.product-type.application";
		};
		556B427C1E18353D0077D9C7 /* PokedexTests */ = {
			isa = PBXNativeTarget;
			buildConfigurationList = 556B42941E18353D0077D9C7 /* Build configuration list for PBXNativeTarget "PokedexTests" */;
			buildPhases = (
				556B42791E18353D0077D9C7 /* Sources */,
				556B427A1E18353D0077D9C7 /* Frameworks */,
				556B427B1E18353D0077D9C7 /* Resources */,
			);
			buildRules = (
			);
			dependencies = (
				556B427F1E18353D0077D9C7 /* PBXTargetDependency */,
			);
			name = PokedexTests;
			productName = PokedexTests;
			productReference = 556B427D1E18353D0077D9C7 /* PokedexTests.xctest */;
			productType = "com.apple.product-type.bundle.unit-test";
		};
		556B42871E18353D0077D9C7 /* PokedexUITests */ = {
			isa = PBXNativeTarget;
			buildConfigurationList = 556B42971E18353D0077D9C7 /* Build configuration list for PBXNativeTarget "PokedexUITests" */;
			buildPhases = (
				556B42841E18353D0077D9C7 /* Sources */,
				556B42851E18353D0077D9C7 /* Frameworks */,
				556B42861E18353D0077D9C7 /* Resources */,
			);
			buildRules = (
			);
			dependencies = (
				556B428A1E18353D0077D9C7 /* PBXTargetDependency */,
			);
			name = PokedexUITests;
			productName = PokedexUITests;
			productReference = 556B42881E18353D0077D9C7 /* PokedexUITests.xctest */;
			productType = "com.apple.product-type.bundle.ui-testing";
		};
/* End PBXNativeTarget section */

/* Begin PBXProject section */
		556B42611E18353D0077D9C7 /* Project object */ = {
			isa = PBXProject;
			attributes = {
				LastSwiftUpdateCheck = 0820;
				LastUpgradeCheck = 0820;
				ORGANIZATIONNAME = paulcsilver;
				TargetAttributes = {
					556B42681E18353D0077D9C7 = {
						CreatedOnToolsVersion = 8.2.1;
						DevelopmentTeam = 4T937W92T9;
						ProvisioningStyle = Automatic;
					};
					556B427C1E18353D0077D9C7 = {
						CreatedOnToolsVersion = 8.2.1;
						DevelopmentTeam = 4T937W92T9;
						ProvisioningStyle = Automatic;
						TestTargetID = 556B42681E18353D0077D9C7;
					};
					556B42871E18353D0077D9C7 = {
						CreatedOnToolsVersion = 8.2.1;
						DevelopmentTeam = 4T937W92T9;
						ProvisioningStyle = Automatic;
						TestTargetID = 556B42681E18353D0077D9C7;
					};
				};
			};
			buildConfigurationList = 556B42641E18353D0077D9C7 /* Build configuration list for PBXProject "Pokedex" */;
			compatibilityVersion = "Xcode 3.2";
			developmentRegion = English;
			hasScannedForEncodings = 0;
			knownRegions = (
				en,
				Base,
			);
			mainGroup = 556B42601E18353D0077D9C7;
			productRefGroup = 556B426A1E18353D0077D9C7 /* Products */;
			projectDirPath = "";
			projectRoot = "";
			targets = (
				556B42681E18353D0077D9C7 /* Pokedex */,
				556B427C1E18353D0077D9C7 /* PokedexTests */,
				556B42871E18353D0077D9C7 /* PokedexUITests */,
			);
		};
/* End PBXProject section */

/* Begin PBXResourcesBuildPhase section */
		556B42671E18353D0077D9C7 /* Resources */ = {
			isa = PBXResourcesBuildPhase;
			buildActionMask = 2147483647;
			files = (
				556B42771E18353D0077D9C7 /* LaunchScreen.storyboard in Resources */,
				556B42741E18353D0077D9C7 /* Assets.xcassets in Resources */,
				556B42721E18353D0077D9C7 /* Main.storyboard in Resources */,
			);
			runOnlyForDeploymentPostprocessing = 0;
		};
		556B427B1E18353D0077D9C7 /* Resources */ = {
			isa = PBXResourcesBuildPhase;
			buildActionMask = 2147483647;
			files = (
			);
			runOnlyForDeploymentPostprocessing = 0;
		};
		556B42861E18353D0077D9C7 /* Resources */ = {
			isa = PBXResourcesBuildPhase;
			buildActionMask = 2147483647;
			files = (
			);
			runOnlyForDeploymentPostprocessing = 0;
		};
/* End PBXResourcesBuildPhase section */

/* Begin PBXSourcesBuildPhase section */
		556B42651E18353D0077D9C7 /* Sources */ = {
			isa = PBXSourcesBuildPhase;
			buildActionMask = 2147483647;
			files = (
				556B426F1E18353D0077D9C7 /* ViewController.swift in Sources */,
				556B426D1E18353D0077D9C7 /* AppDelegate.swift in Sources */,
			);
			runOnlyForDeploymentPostprocessing = 0;
		};
		556B42791E18353D0077D9C7 /* Sources */ = {
			isa = PBXSourcesBuildPhase;
			buildActionMask = 2147483647;
			files = (
				556B42821E18353D0077D9C7 /* PokedexTests.swift in Sources */,
			);
			runOnlyForDeploymentPostprocessing = 0;
		};
		556B42841E18353D0077D9C7 /* Sources */ = {
			isa = PBXSourcesBuildPhase;
			buildActionMask = 2147483647;
			files = (
				556B428D1E18353D0077D9C7 /* PokedexUITests.swift in Sources */,
			);
			runOnlyForDeploymentPostprocessing = 0;
		};
/* End PBXSourcesBuildPhase section */

/* Begin PBXTargetDependency section */
		556B427F1E18353D0077D9C7 /* PBXTargetDependency */ = {
			isa = PBXTargetDependency;
			target = 556B42681E18353D0077D9C7 /* Pokedex */;
			targetProxy = 556B427E1E18353D0077D9C7 /* PBXContainerItemProxy */;
		};
		556B428A1E18353D0077D9C7 /* PBXTargetDependency */ = {
			isa = PBXTargetDependency;
			target = 556B42681E18353D0077D9C7 /* Pokedex */;
			targetProxy = 556B42891E18353D0077D9C7 /* PBXContainerItemProxy */;
		};
/* End PBXTargetDependency section */

/* Begin PBXVariantGroup section */
		556B42701E18353D0077D9C7 /* Main.storyboard */ = {
			isa = PBXVariantGroup;
			children = (
				556B42711E18353D0077D9C7 /* Base */,
			);
			name = Main.storyboard;
			sourceTree = "<group>";
		};
		556B42751E18353D0077D9C7 /* LaunchScreen.storyboard */ = {
			isa = PBXVariantGroup;
			children = (
				556B42761E18353D0077D9C7 /* Base */,
			);
			name = LaunchScreen.storyboard;
			sourceTree = "<group>";
		};
/* End PBXVariantGroup section */

/* Begin XCBuildConfiguration section */
		556B428F1E18353D0077D9C7 /* Debug */ = {
			isa = XCBuildConfiguration;
			buildSettings = {
				ALWAYS_SEARCH_USER_PATHS = NO;
				CLANG_ANALYZER_NONNULL = YES;
				CLANG_CXX_LANGUAGE_STANDARD = "gnu++0x";
				CLANG_CXX_LIBRARY = "libc++";
				CLANG_ENABLE_MODULES = YES;
				CLANG_ENABLE_OBJC_ARC = YES;
				CLANG_WARN_BOOL_CONVERSION = YES;
				CLANG_WARN_CONSTANT_CONVERSION = YES;
				CLANG_WARN_DIRECT_OBJC_ISA_USAGE = YES_ERROR;
				CLANG_WARN_DOCUMENTATION_COMMENTS = YES;
				CLANG_WARN_EMPTY_BODY = YES;
				CLANG_WARN_ENUM_CONVERSION = YES;
				CLANG_WARN_INFINITE_RECURSION = YES;
				CLANG_WARN_INT_CONVERSION = YES;
				CLANG_WARN_OBJC_ROOT_CLASS = YES_ERROR;
				CLANG_WARN_SUSPICIOUS_MOVE = YES;
				CLANG_WARN_UNREACHABLE_CODE = YES;
				CLANG_WARN__DUPLICATE_METHOD_MATCH = YES;
				"CODE_SIGN_IDENTITY[sdk=iphoneos*]" = "iPhone Developer";
				COPY_PHASE_STRIP = NO;
				DEBUG_INFORMATION_FORMAT = dwarf;
				ENABLE_STRICT_OBJC_MSGSEND = YES;
				ENABLE_TESTABILITY = YES;
				GCC_C_LANGUAGE_STANDARD = gnu99;
				GCC_DYNAMIC_NO_PIC = NO;
				GCC_NO_COMMON_BLOCKS = YES;
				GCC_OPTIMIZATION_LEVEL = 0;
				GCC_PREPROCESSOR_DEFINITIONS = (
					"DEBUG=1",
					"$(inherited)",
				);
				GCC_WARN_64_TO_32_BIT_CONVERSION = YES;
				GCC_WARN_ABOUT_RETURN_TYPE = YES_ERROR;
				GCC_WARN_UNDECLARED_SELECTOR = YES;
				GCC_WARN_UNINITIALIZED_AUTOS = YES_AGGRESSIVE;
				GCC_WARN_UNUSED_FUNCTION = YES;
				GCC_WARN_UNUSED_VARIABLE = YES;
				IPHONEOS_DEPLOYMENT_TARGET = 10.2;
				MTL_ENABLE_DEBUG_INFO = YES;
				ONLY_ACTIVE_ARCH = YES;
				SDKROOT = iphoneos;
				SWIFT_ACTIVE_COMPILATION_CONDITIONS = DEBUG;
				SWIFT_OPTIMIZATION_LEVEL = "-Onone";
				TARGETED_DEVICE_FAMILY = "1,2";
			};
			name = Debug;
		};
		556B42901E18353D0077D9C7 /* Release */ = {
			isa = XCBuildConfiguration;
			buildSettings = {
				ALWAYS_SEARCH_USER_PATHS = NO;
				CLANG_ANALYZER_NONNULL = YES;
				CLANG_CXX_LANGUAGE_STANDARD = "gnu++0x";
				CLANG_CXX_LIBRARY = "libc++";
				CLANG_ENABLE_MODULES = YES;
				CLANG_ENABLE_OBJC_ARC = YES;
				CLANG_WARN_BOOL_CONVERSION = YES;
				CLANG_WARN_CONSTANT_CONVERSION = YES;
				CLANG_WARN_DIRECT_OBJC_ISA_USAGE = YES_ERROR;
				CLANG_WARN_DOCUMENTATION_COMMENTS = YES;
				CLANG_WARN_EMPTY_BODY = YES;
				CLANG_WARN_ENUM_CONVERSION = YES;
				CLANG_WARN_INFINITE_RECURSION = YES;
				CLANG_WARN_INT_CONVERSION = YES;
				CLANG_WARN_OBJC_ROOT_CLASS = YES_ERROR;
				CLANG_WARN_SUSPICIOUS_MOVE = YES;
				CLANG_WARN_UNREACHABLE_CODE = YES;
				CLANG_WARN__DUPLICATE_METHOD_MATCH = YES;
				"CODE_SIGN_IDENTITY[sdk=iphoneos*]" = "iPhone Developer";
				COPY_PHASE_STRIP = NO;
				DEBUG_INFORMATION_FORMAT = "dwarf-with-dsym";
				ENABLE_NS_ASSERTIONS = NO;
				ENABLE_STRICT_OBJC_MSGSEND = YES;
				GCC_C_LANGUAGE_STANDARD = gnu99;
				GCC_NO_COMMON_BLOCKS = YES;
				GCC_WARN_64_TO_32_BIT_CONVERSION = YES;
				GCC_WARN_ABOUT_RETURN_TYPE = YES_ERROR;
				GCC_WARN_UNDECLARED_SELECTOR = YES;
				GCC_WARN_UNINITIALIZED_AUTOS = YES_AGGRESSIVE;
				GCC_WARN_UNUSED_FUNCTION = YES;
				GCC_WARN_UNUSED_VARIABLE = YES;
				IPHONEOS_DEPLOYMENT_TARGET = 10.2;
				MTL_ENABLE_DEBUG_INFO = NO;
				SDKROOT = iphoneos;
				SWIFT_OPTIMIZATION_LEVEL = "-Owholemodule";
				TARGETED_DEVICE_FAMILY = "1,2";
				VALIDATE_PRODUCT = YES;
			};
			name = Release;
		};
		556B42921E18353D0077D9C7 /* Debug */ = {
			isa = XCBuildConfiguration;
			buildSettings = {
				ASSETCATALOG_COMPILER_APPICON_NAME = AppIcon;
				DEVELOPMENT_TEAM = 4T937W92T9;
				INFOPLIST_FILE = Pokedex/Info.plist;
				LD_RUNPATH_SEARCH_PATHS = "$(inherited) @executable_path/Frameworks";
				PRODUCT_BUNDLE_IDENTIFIER = com.paulcsilver.Pokedex;
				PRODUCT_NAME = "$(TARGET_NAME)";
				SWIFT_VERSION = 3.0;
			};
			name = Debug;
		};
		556B42931E18353D0077D9C7 /* Release */ = {
			isa = XCBuildConfiguration;
			buildSettings = {
				ASSETCATALOG_COMPILER_APPICON_NAME = AppIcon;
				DEVELOPMENT_TEAM = 4T937W92T9;
				INFOPLIST_FILE = Pokedex/Info.plist;
				LD_RUNPATH_SEARCH_PATHS = "$(inherited) @executable_path/Frameworks";
				PRODUCT_BUNDLE_IDENTIFIER = com.paulcsilver.Pokedex;
				PRODUCT_NAME = "$(TARGET_NAME)";
				SWIFT_VERSION = 3.0;
			};
			name = Release;
		};
		556B42951E18353D0077D9C7 /* Debug */ = {
			isa = XCBuildConfiguration;
			buildSettings = {
				ALWAYS_EMBED_SWIFT_STANDARD_LIBRARIES = YES;
				BUNDLE_LOADER = "$(TEST_HOST)";
				DEVELOPMENT_TEAM = 4T937W92T9;
				INFOPLIST_FILE = PokedexTests/Info.plist;
				LD_RUNPATH_SEARCH_PATHS = "$(inherited) @executable_path/Frameworks @loader_path/Frameworks";
				PRODUCT_BUNDLE_IDENTIFIER = com.paulcsilver.PokedexTests;
				PRODUCT_NAME = "$(TARGET_NAME)";
				SWIFT_VERSION = 3.0;
				TEST_HOST = "$(BUILT_PRODUCTS_DIR)/Pokedex.app/Pokedex";
			};
			name = Debug;
		};
		556B42961E18353D0077D9C7 /* Release */ = {
			isa = XCBuildConfiguration;
			buildSettings = {
				ALWAYS_EMBED_SWIFT_STANDARD_LIBRARIES = YES;
				BUNDLE_LOADER = "$(TEST_HOST)";
				DEVELOPMENT_TEAM = 4T937W92T9;
				INFOPLIST_FILE = PokedexTests/Info.plist;
				LD_RUNPATH_SEARCH_PATHS = "$(inherited) @executable_path/Frameworks @loader_path/Frameworks";
				PRODUCT_BUNDLE_IDENTIFIER = com.paulcsilver.PokedexTests;
				PRODUCT_NAME = "$(TARGET_NAME)";
				SWIFT_VERSION = 3.0;
				TEST_HOST = "$(BUILT_PRODUCTS_DIR)/Pokedex.app/Pokedex";
			};
			name = Release;
		};
		556B42981E18353D0077D9C7 /* Debug */ = {
			isa = XCBuildConfiguration;
			buildSettings = {
				ALWAYS_EMBED_SWIFT_STANDARD_LIBRARIES = YES;
				DEVELOPMENT_TEAM = 4T937W92T9;
				INFOPLIST_FILE = PokedexUITests/Info.plist;
				LD_RUNPATH_SEARCH_PATHS = "$(inherited) @executable_path/Frameworks @loader_path/Frameworks";
				PRODUCT_BUNDLE_IDENTIFIER = com.paulcsilver.PokedexUITests;
				PRODUCT_NAME = "$(TARGET_NAME)";
				SWIFT_VERSION = 3.0;
				TEST_TARGET_NAME = Pokedex;
			};
			name = Debug;
		};
		556B42991E18353D0077D9C7 /* Release */ = {
			isa = XCBuildConfiguration;
			buildSettings = {
				ALWAYS_EMBED_SWIFT_STANDARD_LIBRARIES = YES;
				DEVELOPMENT_TEAM = 4T937W92T9;
				INFOPLIST_FILE = PokedexUITests/Info.plist;
				LD_RUNPATH_SEARCH_PATHS = "$(inherited) @executable_path/Frameworks @loader_path/Frameworks";
				PRODUCT_BUNDLE_IDENTIFIER = com.paulcsilver.PokedexUITests;
				PRODUCT_NAME = "$(TARGET_NAME)";
				SWIFT_VERSION = 3.0;
				TEST_TARGET_NAME = Pokedex;
			};
			name = Release;
		};
/* End XCBuildConfiguration section */

/* Begin XCConfigurationList section */
		556B42641E18353D0077D9C7 /* Build configuration list for PBXProject "Pokedex" */ = {
			isa = XCConfigurationList;
			buildConfigurations = (
				556B428F1E18353D0077D9C7 /* Debug */,
				556B42901E18353D0077D9C7 /* Release */,
			);
			defaultConfigurationIsVisible = 0;
			defaultConfigurationName = Release;
		};
		556B42911E18353D0077D9C7 /* Build configuration list for PBXNativeTarget "Pokedex" */ = {
			isa = XCConfigurationList;
			buildConfigurations = (
				556B42921E18353D0077D9C7 /* Debug */,
				556B42931E18353D0077D9C7 /* Release */,
			);
			defaultConfigurationIsVisible = 0;
		};
		556B42941E18353D0077D9C7 /* Build configuration list for PBXNativeTarget "PokedexTests" */ = {
			isa = XCConfigurationList;
			buildConfigurations = (
				556B42951E18353D0077D9C7 /* Debug */,
				556B42961E18353D0077D9C7 /* Release */,
			);
			defaultConfigurationIsVisible = 0;
		};
		556B42971E18353D0077D9C7 /* Build configuration list for PBXNativeTarget "PokedexUITests" */ = {
			isa = XCConfigurationList;
			buildConfigurations = (
				556B42981E18353D0077D9C7 /* Debug */,
				556B42991E18353D0077D9C7 /* Release */,
			);
			defaultConfigurationIsVisible = 0;
		};
/* End XCConfigurationList section */
	};
	rootObject = 556B42611E18353D0077D9C7 /* Project object */;
}
